
Microsoft Visual Studio Solution File, Format Version 12.00
# Visual Studio Version 17
VisualStudioVersion = 17.7.34009.444
MinimumVisualStudioVersion = 10.0.40219.1
Project("{9A19103F-16F7-4668-BE54-9A1E7A4F7556}") = "PersonalDataMNG", "PersonalDataMNG\PersonalDataMNG.csproj", "{2A5719F0-A631-4DE1-8DF3-9240B9B5C042}"
EndProject
Global
	GlobalSection(SolutionConfigurationPlatforms) = preSolution
		Debug|Any CPU = Debug|Any CPU
		Release|Any CPU = Release|Any CPU
	EndGlobalSection
	GlobalSection(ProjectConfigurationPlatforms) = postSolution
		{2A5719F0-A631-4DE1-8DF3-9240B9B5C042}.Debug|Any CPU.ActiveCfg = Debug|Any CPU
		{2A5719F0-A631-4DE1-8DF3-9240B9B5C042}.Debug|Any CPU.Build.0 = Debug|Any CPU
		{2A5719F0-A631-4DE1-8DF3-9240B9B5C042}.Release|Any CPU.ActiveCfg = Release|Any CPU
		{2A5719F0-A631-4DE1-8DF3-9240B9B5C042}.Release|Any CPU.Build.0 = Release|Any CPU
	EndGlobalSection
	GlobalSection(SolutionProperties) = preSolution
		HideSolutionNode = FALSE
	EndGlobalSection
	GlobalSection(ExtensibilityGlobals) = postSolution
		SolutionGuid = {230AF1F9-7C5A-4E50-8504-D8604AF8ECC4}
	EndGlobalSection
EndGlobal
